{
  "originHash" : "82c271bf47a843eeab7a10d7bd23395f91e0b735ef43a010dc32c565dc6ea4ef",
  "pins" : [
    {
      "identity" : "pixelcolor",
      "kind" : "remoteSourceControl",
      "location" : "http://github.com/heestand-xyz/PixelColor",
      "state" : {
        "revision" : "401e9e08e6e9c8a82f4fdfcf2ebace1b6a72545a",
        "version" : "3.1.0"
      }
    }
  ],
  "version" : 3
}
