{
  "originHash" : "f1236308d6dc8411ade31c9c1bdf9e0886878dd59d639b67d98075f8fb22416d",
  "pins" : [
    {
      "identity" : "pixelcolor",
      "kind" : "remoteSourceControl",
      "location" : "http://github.com/heestand-xyz/PixelColor",
      "state" : {
        "revision" : "985d12c8339bc0ae08803a0abde32c2e4696c4ce",
        "version" : "2.2.2"
      }
    }
  ],
  "version" : 3
}
